
Microsoft Visual Studio Solution File, Format Version 12.00
Project("{FAE04EC0-301F-11D3-BF4B-00C04F79EFBC}") = "CloudAwesome.Xrm.Simulate", "CloudAwesome.Xrm.Simulate\CloudAwesome.Xrm.Simulate.csproj", "{0A50489D-9663-4AC0-8D78-A7FA60BEE48F}"
EndProject
Project("{FAE04EC0-301F-11D3-BF4B-00C04F79EFBC}") = "CloudAwesome.Xrm.Simulate.Test", "CloudAwesome.Xrm.Simulate.Test\CloudAwesome.Xrm.Simulate.Test.csproj", "{70726C12-C62E-4B3B-8CAA-EA49691DC3DF}"
EndProject
Project("{FAE04EC0-301F-11D3-BF4B-00C04F79EFBC}") = "CloudAwesome.Xrm.Simulate.BenchMark", "CloudAwesome.Xrm.Simulate.BenchMark\CloudAwesome.Xrm.Simulate.BenchMark.csproj", "{D1E822F3-4BA1-4A14-8743-6E04E195B4BC}"
EndProject
Project("{FAE04EC0-301F-11D3-BF4B-00C04F79EFBC}") = "CloudAwesome.Xrm.Simulate.Integration", "CloudAwesome.Xrm.Simulate.Integration\CloudAwesome.Xrm.Simulate.Integration.csproj", "{3A38F93E-1289-4E75-8344-E156908C6069}"
EndProject
Global
	GlobalSection(SolutionConfigurationPlatforms) = preSolution
		Debug|Any CPU = Debug|Any CPU
		Release|Any CPU = Release|Any CPU
	EndGlobalSection
	GlobalSection(ProjectConfigurationPlatforms) = postSolution
		{0A50489D-9663-4AC0-8D78-A7FA60BEE48F}.Debug|Any CPU.ActiveCfg = Debug|Any CPU
		{0A50489D-9663-4AC0-8D78-A7FA60BEE48F}.Debug|Any CPU.Build.0 = Debug|Any CPU
		{0A50489D-9663-4AC0-8D78-A7FA60BEE48F}.Release|Any CPU.ActiveCfg = Release|Any CPU
		{0A50489D-9663-4AC0-8D78-A7FA60BEE48F}.Release|Any CPU.Build.0 = Release|Any CPU
		{70726C12-C62E-4B3B-8CAA-EA49691DC3DF}.Debug|Any CPU.ActiveCfg = Debug|Any CPU
		{70726C12-C62E-4B3B-8CAA-EA49691DC3DF}.Debug|Any CPU.Build.0 = Debug|Any CPU
		{70726C12-C62E-4B3B-8CAA-EA49691DC3DF}.Release|Any CPU.ActiveCfg = Release|Any CPU
		{70726C12-C62E-4B3B-8CAA-EA49691DC3DF}.Release|Any CPU.Build.0 = Release|Any CPU
		{D1E822F3-4BA1-4A14-8743-6E04E195B4BC}.Debug|Any CPU.ActiveCfg = Debug|Any CPU
		{D1E822F3-4BA1-4A14-8743-6E04E195B4BC}.Debug|Any CPU.Build.0 = Debug|Any CPU
		{D1E822F3-4BA1-4A14-8743-6E04E195B4BC}.Release|Any CPU.ActiveCfg = Release|Any CPU
		{D1E822F3-4BA1-4A14-8743-6E04E195B4BC}.Release|Any CPU.Build.0 = Release|Any CPU
		{3A38F93E-1289-4E75-8344-E156908C6069}.Debug|Any CPU.ActiveCfg = Debug|Any CPU
		{3A38F93E-1289-4E75-8344-E156908C6069}.Debug|Any CPU.Build.0 = Debug|Any CPU
		{3A38F93E-1289-4E75-8344-E156908C6069}.Release|Any CPU.ActiveCfg = Release|Any CPU
		{3A38F93E-1289-4E75-8344-E156908C6069}.Release|Any CPU.Build.0 = Release|Any CPU
	EndGlobalSection
EndGlobal
